{
  "version": "1",
  "sources": {
    "nixpkgs": {
      "type": "GitHub",
      "fetchType": "tarball",
      "owner": "nixos",
      "repo": "nixpkgs",
      "branch": "nixos-unstable",
      "revision": "34ab99075ac4f7e40cf037eef32cb1c360bb85e9",
      "url": "https://github.com/nixos/nixpkgs/archive/34ab99075ac4f7e40cf037eef32cb1c360bb85e9.tar.gz",
      "hash": "sha256-hn1oU2rue2SYK8dAr8+WNZWtbsz1S2W5mnHlSEuh3bo="
    },
    "pre-commit": {
      "type": "GitHub",
      "fetchType": "tarball",
      "owner": "cachix",
      "repo": "git-hooks.nix",
      "branch": "master",
      "revision": "50b9238891e388c9fdc6a5c49e49c42533a1b5ce",
      "url": "https://github.com/cachix/git-hooks.nix/archive/50b9238891e388c9fdc6a5c49e49c42533a1b5ce.tar.gz",
      "hash": "sha256-QlcnByMc8KBjpU37rbq5iP7Cp97HvjRP0ucfdh+M4Qc="
    }
  }
}
